# This file is automatically @generated by Poetry 1.6.1 and should not be changed by hand.

[[package]]
name = "kafka"
version = "1.3.5"
description = "Pure Python client for Apache Kafka"
optional = false
python-versions = "*"
files = [
    {file = "kafka-1.3.5-py2.py3-none-any.whl", hash = "sha256:35a49e9a432f6792aad48b2ab09d03867357aaa06eacba2678b7fd0808156e5c"},
    {file = "kafka-1.3.5.tar.gz", hash = "sha256:ffb3348cd918c31344b1a2eb61f692cbc423c83b1b06466a86de3db8a3f6a018"},
]

[metadata]
lock-version = "2.0"
python-versions = "^3.10"
content-hash = "4528d91ba03bfaf3477ef8824830a9a828b8e136bf2086641aa13e60a2b05710"
